
Microsoft Visual Studio Solution File, Format Version 11.00
# Visual Studio 2010
Project("{8BC9CEB8-8B4A-11D0-8D11-00A0C91BC942}") = "Sample for Press", "Sample for Press_vc10.vcxproj", "{F73E7FF8-3E55-4D3F-935A-2E5AB959F825}"
EndProject
Global
	GlobalSection(SolutionConfigurationPlatforms) = preSolution
		Debug|Win32 = Debug|Win32
		Release|Win32 = Release|Win32
	EndGlobalSection
	GlobalSection(ProjectConfigurationPlatforms) = postSolution
		{F73E7FF8-3E55-4D3F-935A-2E5AB959F825}.Debug|Win32.ActiveCfg = Debug|Win32
		{F73E7FF8-3E55-4D3F-935A-2E5AB959F825}.Debug|Win32.Build.0 = Debug|Win32
		{F73E7FF8-3E55-4D3F-935A-2E5AB959F825}.Release|Win32.ActiveCfg = Release|Win32
		{F73E7FF8-3E55-4D3F-935A-2E5AB959F825}.Release|Win32.Build.0 = Release|Win32
	EndGlobalSection
	GlobalSection(SolutionProperties) = preSolution
		HideSolutionNode = FALSE
	EndGlobalSection
EndGlobal
